
Microsoft Visual Studio Solution File, Format Version 12.00
# Visual Studio Version 17
VisualStudioVersion = 17.9.34728.123
MinimumVisualStudioVersion = 10.0.40219.1
Project("{FAE04EC0-301F-11D3-BF4B-00C04F79EFBC}") = "BusBookink", "BusBookink\BusBookink.csproj", "{95E9AA7E-CB7A-48F6-99F2-0DD30166BF21}"
EndProject
Global
	GlobalSection(SolutionConfigurationPlatforms) = preSolution
		Debug|Any CPU = Debug|Any CPU
		Release|Any CPU = Release|Any CPU
	EndGlobalSection
	GlobalSection(ProjectConfigurationPlatforms) = postSolution
		{95E9AA7E-CB7A-48F6-99F2-0DD30166BF21}.Debug|Any CPU.ActiveCfg = Debug|Any CPU
		{95E9AA7E-CB7A-48F6-99F2-0DD30166BF21}.Debug|Any CPU.Build.0 = Debug|Any CPU
		{95E9AA7E-CB7A-48F6-99F2-0DD30166BF21}.Release|Any CPU.ActiveCfg = Release|Any CPU
		{95E9AA7E-CB7A-48F6-99F2-0DD30166BF21}.Release|Any CPU.Build.0 = Release|Any CPU
	EndGlobalSection
	GlobalSection(SolutionProperties) = preSolution
		HideSolutionNode = FALSE
	EndGlobalSection
	GlobalSection(ExtensibilityGlobals) = postSolution
		SolutionGuid = {05EB256F-782F-43F3-A852-BD9D8726114F}
	EndGlobalSection
EndGlobal
